{
  "name": "fox-env",
  "version": "1.0.0-stable",
  "lockfileVersion": 3,
  "requires": true,
  "packages": {
    "": {
      "name": "fox-env",
      "version": "1.0.0-stable",
      "license": "ISC",
      "bin": {
        "fox-env": "index.js"
      },
      "engines": {
        "node": ">=18.19.1"
      }
    }
  }
}
